// !$*UTF8*$!
{
	archiveVersion = 1;
	classes = {
	};
	objectVersion = 50;
	objects = {

/* Begin PBXBuildFile section */
		177E140D224144C800C347A0 /* TableViewController.swift in Sources */ = {isa = PBXBuildFile; fileRef = 177E140C224144C800C347A0 /* TableViewController.swift */; };
		177E1416224152A000C347A0 /* ViewModelPersonSet.swift in Sources */ = {isa = PBXBuildFile; fileRef = 177E1415224152A000C347A0 /* ViewModelPersonSet.swift */; };
		17D69207223B9FFD001DF1E3 /* AppDelegate.swift in Sources */ = {isa = PBXBuildFile; fileRef = 17D69206223B9FFD001DF1E3 /* AppDelegate.swift */; };
		17D69209223B9FFD001DF1E3 /* ViewController.swift in Sources */ = {isa = PBXBuildFile; fileRef = 17D69208223B9FFD001DF1E3 /* ViewController.swift */; };
		17D6920C223B9FFD001DF1E3 /* Main.storyboard in Resources */ = {isa = PBXBuildFile; fileRef = 17D6920A223B9FFD001DF1E3 /* Main.storyboard */; };
		17D6920F223B9FFD001DF1E3 /* TPFiorio.xcdatamodeld in Sources */ = {isa = PBXBuildFile; fileRef = 17D6920D223B9FFD001DF1E3 /* TPFiorio.xcdatamodeld */; };
		17D69211223B9FFF001DF1E3 /* Assets.xcassets in Resources */ = {isa = PBXBuildFile; fileRef = 17D69210223B9FFF001DF1E3 /* Assets.xcassets */; };
		17D69214223B9FFF001DF1E3 /* LaunchScreen.storyboard in Resources */ = {isa = PBXBuildFile; fileRef = 17D69212223B9FFF001DF1E3 /* LaunchScreen.storyboard */; };
		17D6921F223B9FFF001DF1E3 /* TPFiorioTests.swift in Sources */ = {isa = PBXBuildFile; fileRef = 17D6921E223B9FFF001DF1E3 /* TPFiorioTests.swift */; };
		17D6922A223B9FFF001DF1E3 /* TPFiorioUITests.swift in Sources */ = {isa = PBXBuildFile; fileRef = 17D69229223B9FFF001DF1E3 /* TPFiorioUITests.swift */; };
		17D69239223BA100001DF1E3 /* Person.swift in Sources */ = {isa = PBXBuildFile; fileRef = 17D69238223BA100001DF1E3 /* Person.swift */; };
		17D6923D223BAE06001DF1E3 /* PersonTests.swift in Sources */ = {isa = PBXBuildFile; fileRef = 17D6923A223BAA20001DF1E3 /* PersonTests.swift */; };
		17D6923E223BAE8E001DF1E3 /* Person.swift in Sources */ = {isa = PBXBuildFile; fileRef = 17D69238223BA100001DF1E3 /* Person.swift */; };
		17D69240223BB171001DF1E3 /* PersonSet.swift in Sources */ = {isa = PBXBuildFile; fileRef = 17D6923F223BB171001DF1E3 /* PersonSet.swift */; };
		9F031B9B223FA46A00B04931 /* PersonSetTests.swift in Sources */ = {isa = PBXBuildFile; fileRef = 9F031B9A223FA46A00B04931 /* PersonSetTests.swift */; };
		9F031B9D223FA9D400B04931 /* PersonSet.swift in Sources */ = {isa = PBXBuildFile; fileRef = 17D6923F223BB171001DF1E3 /* PersonSet.swift */; };
		9FA81EFB2244EF1A006E47B7 /* PersonDetailsViewController.swift in Sources */ = {isa = PBXBuildFile; fileRef = 9FA81EFA2244EF1A006E47B7 /* PersonDetailsViewController.swift */; };
/* End PBXBuildFile section */

/* Begin PBXContainerItemProxy section */
		17D6921B223B9FFF001DF1E3 /* PBXContainerItemProxy */ = {
			isa = PBXContainerItemProxy;
			containerPortal = 17D691FB223B9FFD001DF1E3 /* Project object */;
			proxyType = 1;
			remoteGlobalIDString = 17D69202223B9FFD001DF1E3;
			remoteInfo = TPFiorio;
		};
		17D69226223B9FFF001DF1E3 /* PBXContainerItemProxy */ = {
			isa = PBXContainerItemProxy;
			containerPortal = 17D691FB223B9FFD001DF1E3 /* Project object */;
			proxyType = 1;
			remoteGlobalIDString = 17D69202223B9FFD001DF1E3;
			remoteInfo = TPFiorio;
		};
/* End PBXContainerItemProxy section */

/* Begin PBXFileReference section */
		177E140C224144C800C347A0 /* TableViewController.swift */ = {isa = PBXFileReference; lastKnownFileType = sourcecode.swift; path = TableViewController.swift; sourceTree = "<group>"; };
		177E1415224152A000C347A0 /* ViewModelPersonSet.swift */ = {isa = PBXFileReference; lastKnownFileType = sourcecode.swift; path = ViewModelPersonSet.swift; sourceTree = "<group>"; };
		17D69203223B9FFD001DF1E3 /* TPFiorio.app */ = {isa = PBXFileReference; explicitFileType = wrapper.application; includeInIndex = 0; path = TPFiorio.app; sourceTree = BUILT_PRODUCTS_DIR; };
		17D69206223B9FFD001DF1E3 /* AppDelegate.swift */ = {isa = PBXFileReference; lastKnownFileType = sourcecode.swift; path = AppDelegate.swift; sourceTree = "<group>"; };
		17D69208223B9FFD001DF1E3 /* ViewController.swift */ = {isa = PBXFileReference; lastKnownFileType = sourcecode.swift; path = ViewController.swift; sourceTree = "<group>"; };
		17D6920B223B9FFD001DF1E3 /* Base */ = {isa = PBXFileReference; lastKnownFileType = file.storyboard; name = Base; path = Base.lproj/Main.storyboard; sourceTree = "<group>"; };
		17D6920E223B9FFD001DF1E3 /* TPFiorio.xcdatamodel */ = {isa = PBXFileReference; lastKnownFileType = wrapper.xcdatamodel; path = TPFiorio.xcdatamodel; sourceTree = "<group>"; };
		17D69210223B9FFF001DF1E3 /* Assets.xcassets */ = {isa = PBXFileReference; lastKnownFileType = folder.assetcatalog; path = Assets.xcassets; sourceTree = "<group>"; };
		17D69213223B9FFF001DF1E3 /* Base */ = {isa = PBXFileReference; lastKnownFileType = file.storyboard; name = Base; path = Base.lproj/LaunchScreen.storyboard; sourceTree = "<group>"; };
		17D69215223B9FFF001DF1E3 /* Info.plist */ = {isa = PBXFileReference; lastKnownFileType = text.plist.xml; path = Info.plist; sourceTree = "<group>"; };
		17D6921A223B9FFF001DF1E3 /* TPFiorioTests.xctest */ = {isa = PBXFileReference; explicitFileType = wrapper.cfbundle; includeInIndex = 0; path = TPFiorioTests.xctest; sourceTree = BUILT_PRODUCTS_DIR; };
		17D6921E223B9FFF001DF1E3 /* TPFiorioTests.swift */ = {isa = PBXFileReference; lastKnownFileType = sourcecode.swift; path = TPFiorioTests.swift; sourceTree = "<group>"; };
		17D69220223B9FFF001DF1E3 /* Info.plist */ = {isa = PBXFileReference; lastKnownFileType = text.plist.xml; path = Info.plist; sourceTree = "<group>"; };
		17D69225223B9FFF001DF1E3 /* TPFiorioUITests.xctest */ = {isa = PBXFileReference; explicitFileType = wrapper.cfbundle; includeInIndex = 0; path = TPFiorioUITests.xctest; sourceTree = BUILT_PRODUCTS_DIR; };
		17D69229223B9FFF001DF1E3 /* TPFiorioUITests.swift */ = {isa = PBXFileReference; lastKnownFileType = sourcecode.swift; path = TPFiorioUITests.swift; sourceTree = "<group>"; };
		17D6922B223B9FFF001DF1E3 /* Info.plist */ = {isa = PBXFileReference; lastKnownFileType = text.plist.xml; path = Info.plist; sourceTree = "<group>"; };
		17D69238223BA100001DF1E3 /* Person.swift */ = {isa = PBXFileReference; lastKnownFileType = sourcecode.swift; path = Person.swift; sourceTree = "<group>"; };
		17D6923A223BAA20001DF1E3 /* PersonTests.swift */ = {isa = PBXFileReference; lastKnownFileType = sourcecode.swift; path = PersonTests.swift; sourceTree = "<group>"; };
		17D6923F223BB171001DF1E3 /* PersonSet.swift */ = {isa = PBXFileReference; lastKnownFileType = sourcecode.swift; path = PersonSet.swift; sourceTree = "<group>"; };
		9F031B9A223FA46A00B04931 /* PersonSetTests.swift */ = {isa = PBXFileReference; lastKnownFileType = sourcecode.swift; path = PersonSetTests.swift; sourceTree = "<group>"; };
		9FA81EFA2244EF1A006E47B7 /* PersonDetailsViewController.swift */ = {isa = PBXFileReference; lastKnownFileType = sourcecode.swift; path = PersonDetailsViewController.swift; sourceTree = "<group>"; };
/* End PBXFileReference section */

/* Begin PBXFrameworksBuildPhase section */
		17D69200223B9FFD001DF1E3 /* Frameworks */ = {
			isa = PBXFrameworksBuildPhase;
			buildActionMask = 2147483647;
			files = (
			);
			runOnlyForDeploymentPostprocessing = 0;
		};
		17D69217223B9FFF001DF1E3 /* Frameworks */ = {
			isa = PBXFrameworksBuildPhase;
			buildActionMask = 2147483647;
			files = (
			);
			runOnlyForDeploymentPostprocessing = 0;
		};
		17D69222223B9FFF001DF1E3 /* Frameworks */ = {
			isa = PBXFrameworksBuildPhase;
			buildActionMask = 2147483647;
			files = (
			);
			runOnlyForDeploymentPostprocessing = 0;
		};
/* End PBXFrameworksBuildPhase section */

/* Begin PBXGroup section */
		177E1411224151DB00C347A0 /* Controller */ = {
			isa = PBXGroup;
			children = (
				177E140C224144C800C347A0 /* TableViewController.swift */,
				17D69208223B9FFD001DF1E3 /* ViewController.swift */,
				9FA81EFA2244EF1A006E47B7 /* PersonDetailsViewController.swift */,
			);
			path = Controller;
			sourceTree = "<group>";
		};
		177E1412224151E700C347A0 /* Model */ = {
			isa = PBXGroup;
			children = (
				17D69238223BA100001DF1E3 /* Person.swift */,
				17D6923F223BB171001DF1E3 /* PersonSet.swift */,
			);
			path = Model;
			sourceTree = "<group>";
		};
		17C19A4F22423F6800AEEA87 /* ViewModel */ = {
			isa = PBXGroup;
			children = (
				177E1415224152A000C347A0 /* ViewModelPersonSet.swift */,
			);
			path = ViewModel;
			sourceTree = "<group>";
		};
		17D691FA223B9FFD001DF1E3 = {
			isa = PBXGroup;
			children = (
				17D69205223B9FFD001DF1E3 /* TPFiorio */,
				17D6921D223B9FFF001DF1E3 /* TPFiorioTests */,
				17D69228223B9FFF001DF1E3 /* TPFiorioUITests */,
				17D69204223B9FFD001DF1E3 /* Products */,
			);
			sourceTree = "<group>";
		};
		17D69204223B9FFD001DF1E3 /* Products */ = {
			isa = PBXGroup;
			children = (
				17D69203223B9FFD001DF1E3 /* TPFiorio.app */,
				17D6921A223B9FFF001DF1E3 /* TPFiorioTests.xctest */,
				17D69225223B9FFF001DF1E3 /* TPFiorioUITests.xctest */,
			);
			name = Products;
			sourceTree = "<group>";
		};
		17D69205223B9FFD001DF1E3 /* TPFiorio */ = {
			isa = PBXGroup;
			children = (
				17C19A4F22423F6800AEEA87 /* ViewModel */,
				177E1412224151E700C347A0 /* Model */,
				177E1411224151DB00C347A0 /* Controller */,
				17D69206223B9FFD001DF1E3 /* AppDelegate.swift */,
				17D6920A223B9FFD001DF1E3 /* Main.storyboard */,
				17D69210223B9FFF001DF1E3 /* Assets.xcassets */,
				17D69212223B9FFF001DF1E3 /* LaunchScreen.storyboard */,
				17D69215223B9FFF001DF1E3 /* Info.plist */,
				17D6920D223B9FFD001DF1E3 /* TPFiorio.xcdatamodeld */,
			);
			path = TPFiorio;
			sourceTree = "<group>";
		};
		17D6921D223B9FFF001DF1E3 /* TPFiorioTests */ = {
			isa = PBXGroup;
			children = (
				17D6921E223B9FFF001DF1E3 /* TPFiorioTests.swift */,
				17D69220223B9FFF001DF1E3 /* Info.plist */,
				17D6923A223BAA20001DF1E3 /* PersonTests.swift */,
				9F031B9A223FA46A00B04931 /* PersonSetTests.swift */,
			);
			path = TPFiorioTests;
			sourceTree = "<group>";
		};
		17D69228223B9FFF001DF1E3 /* TPFiorioUITests */ = {
			isa = PBXGroup;
			children = (
				17D69229223B9FFF001DF1E3 /* TPFiorioUITests.swift */,
				17D6922B223B9FFF001DF1E3 /* Info.plist */,
			);
			path = TPFiorioUITests;
			sourceTree = "<group>";
		};
/* End PBXGroup section */

/* Begin PBXNativeTarget section */
		17D69202223B9FFD001DF1E3 /* TPFiorio */ = {
			isa = PBXNativeTarget;
			buildConfigurationList = 17D6922E223B9FFF001DF1E3 /* Build configuration list for PBXNativeTarget "TPFiorio" */;
			buildPhases = (
				17D691FF223B9FFD001DF1E3 /* Sources */,
				17D69200223B9FFD001DF1E3 /* Frameworks */,
				17D69201223B9FFD001DF1E3 /* Resources */,
			);
			buildRules = (
			);
			dependencies = (
			);
			name = TPFiorio;
			productName = TPFiorio;
			productReference = 17D69203223B9FFD001DF1E3 /* TPFiorio.app */;
			productType = "com.apple.product-type.application";
		};
		17D69219223B9FFF001DF1E3 /* TPFiorioTests */ = {
			isa = PBXNativeTarget;
			buildConfigurationList = 17D69231223B9FFF001DF1E3 /* Build configuration list for PBXNativeTarget "TPFiorioTests" */;
			buildPhases = (
				17D69216223B9FFF001DF1E3 /* Sources */,
				17D69217223B9FFF001DF1E3 /* Frameworks */,
				17D69218223B9FFF001DF1E3 /* Resources */,
			);
			buildRules = (
			);
			dependencies = (
				17D6921C223B9FFF001DF1E3 /* PBXTargetDependency */,
			);
			name = TPFiorioTests;
			productName = TPFiorioTests;
			productReference = 17D6921A223B9FFF001DF1E3 /* TPFiorioTests.xctest */;
			productType = "com.apple.product-type.bundle.unit-test";
		};
		17D69224223B9FFF001DF1E3 /* TPFiorioUITests */ = {
			isa = PBXNativeTarget;
			buildConfigurationList = 17D69234223B9FFF001DF1E3 /* Build configuration list for PBXNativeTarget "TPFiorioUITests" */;
			buildPhases = (
				17D69221223B9FFF001DF1E3 /* Sources */,
				17D69222223B9FFF001DF1E3 /* Frameworks */,
				17D69223223B9FFF001DF1E3 /* Resources */,
			);
			buildRules = (
			);
			dependencies = (
				17D69227223B9FFF001DF1E3 /* PBXTargetDependency */,
			);
			name = TPFiorioUITests;
			productName = TPFiorioUITests;
			productReference = 17D69225223B9FFF001DF1E3 /* TPFiorioUITests.xctest */;
			productType = "com.apple.product-type.bundle.ui-testing";
		};
/* End PBXNativeTarget section */

/* Begin PBXProject section */
		17D691FB223B9FFD001DF1E3 /* Project object */ = {
			isa = PBXProject;
			attributes = {
				LastSwiftUpdateCheck = 1010;
				LastUpgradeCheck = 1010;
				ORGANIZATIONNAME = "Quentin FRANCE";
				TargetAttributes = {
					17D69202223B9FFD001DF1E3 = {
						CreatedOnToolsVersion = 10.1;
					};
					17D69219223B9FFF001DF1E3 = {
						CreatedOnToolsVersion = 10.1;
						TestTargetID = 17D69202223B9FFD001DF1E3;
					};
					17D69224223B9FFF001DF1E3 = {
						CreatedOnToolsVersion = 10.1;
						TestTargetID = 17D69202223B9FFD001DF1E3;
					};
				};
			};
			buildConfigurationList = 17D691FE223B9FFD001DF1E3 /* Build configuration list for PBXProject "TPFiorio" */;
			compatibilityVersion = "Xcode 9.3";
			developmentRegion = en;
			hasScannedForEncodings = 0;
			knownRegions = (
				en,
				Base,
			);
			mainGroup = 17D691FA223B9FFD001DF1E3;
			productRefGroup = 17D69204223B9FFD001DF1E3 /* Products */;
			projectDirPath = "";
			projectRoot = "";
			targets = (
				17D69202223B9FFD001DF1E3 /* TPFiorio */,
				17D69219223B9FFF001DF1E3 /* TPFiorioTests */,
				17D69224223B9FFF001DF1E3 /* TPFiorioUITests */,
			);
		};
/* End PBXProject section */

/* Begin PBXResourcesBuildPhase section */
		17D69201223B9FFD001DF1E3 /* Resources */ = {
			isa = PBXResourcesBuildPhase;
			buildActionMask = 2147483647;
			files = (
				17D69214223B9FFF001DF1E3 /* LaunchScreen.storyboard in Resources */,
				17D69211223B9FFF001DF1E3 /* Assets.xcassets in Resources */,
				17D6920C223B9FFD001DF1E3 /* Main.storyboard in Resources */,
			);
			runOnlyForDeploymentPostprocessing = 0;
		};
		17D69218223B9FFF001DF1E3 /* Resources */ = {
			isa = PBXResourcesBuildPhase;
			buildActionMask = 2147483647;
			files = (
			);
			runOnlyForDeploymentPostprocessing = 0;
		};
		17D69223223B9FFF001DF1E3 /* Resources */ = {
			isa = PBXResourcesBuildPhase;
			buildActionMask = 2147483647;
			files = (
			);
			runOnlyForDeploymentPostprocessing = 0;
		};
/* End PBXResourcesBuildPhase section */

/* Begin PBXSourcesBuildPhase section */
		17D691FF223B9FFD001DF1E3 /* Sources */ = {
			isa = PBXSourcesBuildPhase;
			buildActionMask = 2147483647;
			files = (
				9FA81EFB2244EF1A006E47B7 /* PersonDetailsViewController.swift in Sources */,
				177E1416224152A000C347A0 /* ViewModelPersonSet.swift in Sources */,
				17D69240223BB171001DF1E3 /* PersonSet.swift in Sources */,
				177E140D224144C800C347A0 /* TableViewController.swift in Sources */,
				17D69209223B9FFD001DF1E3 /* ViewController.swift in Sources */,
				17D6920F223B9FFD001DF1E3 /* TPFiorio.xcdatamodeld in Sources */,
				17D69239223BA100001DF1E3 /* Person.swift in Sources */,
				17D69207223B9FFD001DF1E3 /* AppDelegate.swift in Sources */,
			);
			runOnlyForDeploymentPostprocessing = 0;
		};
		17D69216223B9FFF001DF1E3 /* Sources */ = {
			isa = PBXSourcesBuildPhase;
			buildActionMask = 2147483647;
			files = (
				9F031B9D223FA9D400B04931 /* PersonSet.swift in Sources */,
				17D6923E223BAE8E001DF1E3 /* Person.swift in Sources */,
				9F031B9B223FA46A00B04931 /* PersonSetTests.swift in Sources */,
				17D6923D223BAE06001DF1E3 /* PersonTests.swift in Sources */,
				17D6921F223B9FFF001DF1E3 /* TPFiorioTests.swift in Sources */,
			);
			runOnlyForDeploymentPostprocessing = 0;
		};
		17D69221223B9FFF001DF1E3 /* Sources */ = {
			isa = PBXSourcesBuildPhase;
			buildActionMask = 2147483647;
			files = (
				17D6922A223B9FFF001DF1E3 /* TPFiorioUITests.swift in Sources */,
			);
			runOnlyForDeploymentPostprocessing = 0;
		};
/* End PBXSourcesBuildPhase section */

/* Begin PBXTargetDependency section */
		17D6921C223B9FFF001DF1E3 /* PBXTargetDependency */ = {
			isa = PBXTargetDependency;
			target = 17D69202223B9FFD001DF1E3 /* TPFiorio */;
			targetProxy = 17D6921B223B9FFF001DF1E3 /* PBXContainerItemProxy */;
		};
		17D69227223B9FFF001DF1E3 /* PBXTargetDependency */ = {
			isa = PBXTargetDependency;
			target = 17D69202223B9FFD001DF1E3 /* TPFiorio */;
			targetProxy = 17D69226223B9FFF001DF1E3 /* PBXContainerItemProxy */;
		};
/* End PBXTargetDependency section */

/* Begin PBXVariantGroup section */
		17D6920A223B9FFD001DF1E3 /* Main.storyboard */ = {
			isa = PBXVariantGroup;
			children = (
				17D6920B223B9FFD001DF1E3 /* Base */,
			);
			name = Main.storyboard;
			sourceTree = "<group>";
		};
		17D69212223B9FFF001DF1E3 /* LaunchScreen.storyboard */ = {
			isa = PBXVariantGroup;
			children = (
				17D69213223B9FFF001DF1E3 /* Base */,
			);
			name = LaunchScreen.storyboard;
			sourceTree = "<group>";
		};
/* End PBXVariantGroup section */

/* Begin XCBuildConfiguration section */
		17D6922C223B9FFF001DF1E3 /* Debug */ = {
			isa = XCBuildConfiguration;
			buildSettings = {
				ALWAYS_SEARCH_USER_PATHS = NO;
				CLANG_ANALYZER_NONNULL = YES;
				CLANG_ANALYZER_NUMBER_OBJECT_CONVERSION = YES_AGGRESSIVE;
				CLANG_CXX_LANGUAGE_STANDARD = "gnu++14";
				CLANG_CXX_LIBRARY = "libc++";
				CLANG_ENABLE_MODULES = YES;
				CLANG_ENABLE_OBJC_ARC = YES;
				CLANG_ENABLE_OBJC_WEAK = YES;
				CLANG_WARN_BLOCK_CAPTURE_AUTORELEASING = YES;
				CLANG_WARN_BOOL_CONVERSION = YES;
				CLANG_WARN_COMMA = YES;
				CLANG_WARN_CONSTANT_CONVERSION = YES;
				CLANG_WARN_DEPRECATED_OBJC_IMPLEMENTATIONS = YES;
				CLANG_WARN_DIRECT_OBJC_ISA_USAGE = YES_ERROR;
				CLANG_WARN_DOCUMENTATION_COMMENTS = YES;
				CLANG_WARN_EMPTY_BODY = YES;
				CLANG_WARN_ENUM_CONVERSION = YES;
				CLANG_WARN_INFINITE_RECURSION = YES;
				CLANG_WARN_INT_CONVERSION = YES;
				CLANG_WARN_NON_LITERAL_NULL_CONVERSION = YES;
				CLANG_WARN_OBJC_IMPLICIT_RETAIN_SELF = YES;
				CLANG_WARN_OBJC_LITERAL_CONVERSION = YES;
				CLANG_WARN_OBJC_ROOT_CLASS = YES_ERROR;
				CLANG_WARN_RANGE_LOOP_ANALYSIS = YES;
				CLANG_WARN_STRICT_PROTOTYPES = YES;
				CLANG_WARN_SUSPICIOUS_MOVE = YES;
				CLANG_WARN_UNGUARDED_AVAILABILITY = YES_AGGRESSIVE;
				CLANG_WARN_UNREACHABLE_CODE = YES;
				CLANG_WARN__DUPLICATE_METHOD_MATCH = YES;
				CODE_SIGN_IDENTITY = "iPhone Developer";
				COPY_PHASE_STRIP = NO;
				DEBUG_INFORMATION_FORMAT = dwarf;
				ENABLE_STRICT_OBJC_MSGSEND = YES;
				ENABLE_TESTABILITY = YES;
				GCC_C_LANGUAGE_STANDARD = gnu11;
				GCC_DYNAMIC_NO_PIC = NO;
				GCC_NO_COMMON_BLOCKS = YES;
				GCC_OPTIMIZATION_LEVEL = 0;
				GCC_PREPROCESSOR_DEFINITIONS = (
					"DEBUG=1",
					"$(inherited)",
				);
				GCC_WARN_64_TO_32_BIT_CONVERSION = YES;
				GCC_WARN_ABOUT_RETURN_TYPE = YES_ERROR;
				GCC_WARN_UNDECLARED_SELECTOR = YES;
				GCC_WARN_UNINITIALIZED_AUTOS = YES_AGGRESSIVE;
				GCC_WARN_UNUSED_FUNCTION = YES;
				GCC_WARN_UNUSED_VARIABLE = YES;
				IPHONEOS_DEPLOYMENT_TARGET = 12.1;
				MTL_ENABLE_DEBUG_INFO = INCLUDE_SOURCE;
				MTL_FAST_MATH = YES;
				ONLY_ACTIVE_ARCH = YES;
				SDKROOT = iphoneos;
				SWIFT_ACTIVE_COMPILATION_CONDITIONS = DEBUG;
				SWIFT_OPTIMIZATION_LEVEL = "-Onone";
			};
			name = Debug;
		};
		17D6922D223B9FFF001DF1E3 /* Release */ = {
			isa = XCBuildConfiguration;
			buildSettings = {
				ALWAYS_SEARCH_USER_PATHS = NO;
				CLANG_ANALYZER_NONNULL = YES;
				CLANG_ANALYZER_NUMBER_OBJECT_CONVERSION = YES_AGGRESSIVE;
				CLANG_CXX_LANGUAGE_STANDARD = "gnu++14";
				CLANG_CXX_LIBRARY = "libc++";
				CLANG_ENABLE_MODULES = YES;
				CLANG_ENABLE_OBJC_ARC = YES;
				CLANG_ENABLE_OBJC_WEAK = YES;
				CLANG_WARN_BLOCK_CAPTURE_AUTORELEASING = YES;
				CLANG_WARN_BOOL_CONVERSION = YES;
				CLANG_WARN_COMMA = YES;
				CLANG_WARN_CONSTANT_CONVERSION = YES;
				CLANG_WARN_DEPRECATED_OBJC_IMPLEMENTATIONS = YES;
				CLANG_WARN_DIRECT_OBJC_ISA_USAGE = YES_ERROR;
				CLANG_WARN_DOCUMENTATION_COMMENTS = YES;
				CLANG_WARN_EMPTY_BODY = YES;
				CLANG_WARN_ENUM_CONVERSION = YES;
				CLANG_WARN_INFINITE_RECURSION = YES;
				CLANG_WARN_INT_CONVERSION = YES;
				CLANG_WARN_NON_LITERAL_NULL_CONVERSION = YES;
				CLANG_WARN_OBJC_IMPLICIT_RETAIN_SELF = YES;
				CLANG_WARN_OBJC_LITERAL_CONVERSION = YES;
				CLANG_WARN_OBJC_ROOT_CLASS = YES_ERROR;
				CLANG_WARN_RANGE_LOOP_ANALYSIS = YES;
				CLANG_WARN_STRICT_PROTOTYPES = YES;
				CLANG_WARN_SUSPICIOUS_MOVE = YES;
				CLANG_WARN_UNGUARDED_AVAILABILITY = YES_AGGRESSIVE;
				CLANG_WARN_UNREACHABLE_CODE = YES;
				CLANG_WARN__DUPLICATE_METHOD_MATCH = YES;
				CODE_SIGN_IDENTITY = "iPhone Developer";
				COPY_PHASE_STRIP = NO;
				DEBUG_INFORMATION_FORMAT = "dwarf-with-dsym";
				ENABLE_NS_ASSERTIONS = NO;
				ENABLE_STRICT_OBJC_MSGSEND = YES;
				GCC_C_LANGUAGE_STANDARD = gnu11;
				GCC_NO_COMMON_BLOCKS = YES;
				GCC_WARN_64_TO_32_BIT_CONVERSION = YES;
				GCC_WARN_ABOUT_RETURN_TYPE = YES_ERROR;
				GCC_WARN_UNDECLARED_SELECTOR = YES;
				GCC_WARN_UNINITIALIZED_AUTOS = YES_AGGRESSIVE;
				GCC_WARN_UNUSED_FUNCTION = YES;
				GCC_WARN_UNUSED_VARIABLE = YES;
				IPHONEOS_DEPLOYMENT_TARGET = 12.1;
				MTL_ENABLE_DEBUG_INFO = NO;
				MTL_FAST_MATH = YES;
				SDKROOT = iphoneos;
				SWIFT_COMPILATION_MODE = wholemodule;
				SWIFT_OPTIMIZATION_LEVEL = "-O";
				VALIDATE_PRODUCT = YES;
			};
			name = Release;
		};
		17D6922F223B9FFF001DF1E3 /* Debug */ = {
			isa = XCBuildConfiguration;
			buildSettings = {
				ASSETCATALOG_COMPILER_APPICON_NAME = AppIcon;
				CODE_SIGN_STYLE = Automatic;
				INFOPLIST_FILE = TPFiorio/Info.plist;
				LD_RUNPATH_SEARCH_PATHS = (
					"$(inherited)",
					"@executable_path/Frameworks",
				);
				PRODUCT_BUNDLE_IDENTIFIER = QF.TPFiorio;
				PRODUCT_NAME = "$(TARGET_NAME)";
				SWIFT_VERSION = 4.2;
				TARGETED_DEVICE_FAMILY = "1,2";
			};
			name = Debug;
		};
		17D69230223B9FFF001DF1E3 /* Release */ = {
			isa = XCBuildConfiguration;
			buildSettings = {
				ASSETCATALOG_COMPILER_APPICON_NAME = AppIcon;
				CODE_SIGN_STYLE = Automatic;
				INFOPLIST_FILE = TPFiorio/Info.plist;
				LD_RUNPATH_SEARCH_PATHS = (
					"$(inherited)",
					"@executable_path/Frameworks",
				);
				PRODUCT_BUNDLE_IDENTIFIER = QF.TPFiorio;
				PRODUCT_NAME = "$(TARGET_NAME)";
				SWIFT_VERSION = 4.2;
				TARGETED_DEVICE_FAMILY = "1,2";
			};
			name = Release;
		};
		17D69232223B9FFF001DF1E3 /* Debug */ = {
			isa = XCBuildConfiguration;
			buildSettings = {
				ALWAYS_EMBED_SWIFT_STANDARD_LIBRARIES = YES;
				BUNDLE_LOADER = "$(TEST_HOST)";
				CODE_SIGN_STYLE = Automatic;
				INFOPLIST_FILE = TPFiorioTests/Info.plist;
				LD_RUNPATH_SEARCH_PATHS = (
					"$(inherited)",
					"@executable_path/Frameworks",
					"@loader_path/Frameworks",
				);
				PRODUCT_BUNDLE_IDENTIFIER = QF.TPFiorioTests;
				PRODUCT_NAME = "$(TARGET_NAME)";
				SWIFT_VERSION = 4.2;
				TARGETED_DEVICE_FAMILY = "1,2";
				TEST_HOST = "$(BUILT_PRODUCTS_DIR)/TPFiorio.app/TPFiorio";
			};
			name = Debug;
		};
		17D69233223B9FFF001DF1E3 /* Release */ = {
			isa = XCBuildConfiguration;
			buildSettings = {
				ALWAYS_EMBED_SWIFT_STANDARD_LIBRARIES = YES;
				BUNDLE_LOADER = "$(TEST_HOST)";
				CODE_SIGN_STYLE = Automatic;
				INFOPLIST_FILE = TPFiorioTests/Info.plist;
				LD_RUNPATH_SEARCH_PATHS = (
					"$(inherited)",
					"@executable_path/Frameworks",
					"@loader_path/Frameworks",
				);
				PRODUCT_BUNDLE_IDENTIFIER = QF.TPFiorioTests;
				PRODUCT_NAME = "$(TARGET_NAME)";
				SWIFT_VERSION = 4.2;
				TARGETED_DEVICE_FAMILY = "1,2";
				TEST_HOST = "$(BUILT_PRODUCTS_DIR)/TPFiorio.app/TPFiorio";
			};
			name = Release;
		};
		17D69235223B9FFF001DF1E3 /* Debug */ = {
			isa = XCBuildConfiguration;
			buildSettings = {
				ALWAYS_EMBED_SWIFT_STANDARD_LIBRARIES = YES;
				CODE_SIGN_STYLE = Automatic;
				INFOPLIST_FILE = TPFiorioUITests/Info.plist;
				LD_RUNPATH_SEARCH_PATHS = (
					"$(inherited)",
					"@executable_path/Frameworks",
					"@loader_path/Frameworks",
				);
				PRODUCT_BUNDLE_IDENTIFIER = QF.TPFiorioUITests;
				PRODUCT_NAME = "$(TARGET_NAME)";
				SWIFT_VERSION = 4.2;
				TARGETED_DEVICE_FAMILY = "1,2";
				TEST_TARGET_NAME = TPFiorio;
			};
			name = Debug;
		};
		17D69236223B9FFF001DF1E3 /* Release */ = {
			isa = XCBuildConfiguration;
			buildSettings = {
				ALWAYS_EMBED_SWIFT_STANDARD_LIBRARIES = YES;
				CODE_SIGN_STYLE = Automatic;
				INFOPLIST_FILE = TPFiorioUITests/Info.plist;
				LD_RUNPATH_SEARCH_PATHS = (
					"$(inherited)",
					"@executable_path/Frameworks",
					"@loader_path/Frameworks",
				);
				PRODUCT_BUNDLE_IDENTIFIER = QF.TPFiorioUITests;
				PRODUCT_NAME = "$(TARGET_NAME)";
				SWIFT_VERSION = 4.2;
				TARGETED_DEVICE_FAMILY = "1,2";
				TEST_TARGET_NAME = TPFiorio;
			};
			name = Release;
		};
/* End XCBuildConfiguration section */

/* Begin XCConfigurationList section */
		17D691FE223B9FFD001DF1E3 /* Build configuration list for PBXProject "TPFiorio" */ = {
			isa = XCConfigurationList;
			buildConfigurations = (
				17D6922C223B9FFF001DF1E3 /* Debug */,
				17D6922D223B9FFF001DF1E3 /* Release */,
			);
			defaultConfigurationIsVisible = 0;
			defaultConfigurationName = Release;
		};
		17D6922E223B9FFF001DF1E3 /* Build configuration list for PBXNativeTarget "TPFiorio" */ = {
			isa = XCConfigurationList;
			buildConfigurations = (
				17D6922F223B9FFF001DF1E3 /* Debug */,
				17D69230223B9FFF001DF1E3 /* Release */,
			);
			defaultConfigurationIsVisible = 0;
			defaultConfigurationName = Release;
		};
		17D69231223B9FFF001DF1E3 /* Build configuration list for PBXNativeTarget "TPFiorioTests" */ = {
			isa = XCConfigurationList;
			buildConfigurations = (
				17D69232223B9FFF001DF1E3 /* Debug */,
				17D69233223B9FFF001DF1E3 /* Release */,
			);
			defaultConfigurationIsVisible = 0;
			defaultConfigurationName = Release;
		};
		17D69234223B9FFF001DF1E3 /* Build configuration list for PBXNativeTarget "TPFiorioUITests" */ = {
			isa = XCConfigurationList;
			buildConfigurations = (
				17D69235223B9FFF001DF1E3 /* Debug */,
				17D69236223B9FFF001DF1E3 /* Release */,
			);
			defaultConfigurationIsVisible = 0;
			defaultConfigurationName = Release;
		};
/* End XCConfigurationList section */

/* Begin XCVersionGroup section */
		17D6920D223B9FFD001DF1E3 /* TPFiorio.xcdatamodeld */ = {
			isa = XCVersionGroup;
			children = (
				17D6920E223B9FFD001DF1E3 /* TPFiorio.xcdatamodel */,
			);
			currentVersion = 17D6920E223B9FFD001DF1E3 /* TPFiorio.xcdatamodel */;
			path = TPFiorio.xcdatamodeld;
			sourceTree = "<group>";
			versionGroupType = wrapper.xcdatamodel;
		};
/* End XCVersionGroup section */
	};
	rootObject = 17D691FB223B9FFD001DF1E3 /* Project object */;
}
