// !$*UTF8*$!
{
	archiveVersion = 1;
	classes = {
	};
	objectVersion = 50;
	objects = {

/* Begin PBXBuildFile section */
		9FA81F0922453C02006E47B7 /* AppDelegate.swift in Sources */ = {isa = PBXBuildFile; fileRef = 9FA81F0822453C02006E47B7 /* AppDelegate.swift */; };
		9FA81F0B22453C03006E47B7 /* ViewController.swift in Sources */ = {isa = PBXBuildFile; fileRef = 9FA81F0A22453C03006E47B7 /* ViewController.swift */; };
		9FA81F0E22453C03006E47B7 /* Main.storyboard in Resources */ = {isa = PBXBuildFile; fileRef = 9FA81F0C22453C03006E47B7 /* Main.storyboard */; };
		9FA81F1122453C03006E47B7 /* ShareCount.xcdatamodeld in Sources */ = {isa = PBXBuildFile; fileRef = 9FA81F0F22453C03006E47B7 /* ShareCount.xcdatamodeld */; };
		9FA81F1322453C17006E47B7 /* Assets.xcassets in Resources */ = {isa = PBXBuildFile; fileRef = 9FA81F1222453C17006E47B7 /* Assets.xcassets */; };
		9FA81F1622453C18006E47B7 /* LaunchScreen.storyboard in Resources */ = {isa = PBXBuildFile; fileRef = 9FA81F1422453C18006E47B7 /* LaunchScreen.storyboard */; };
		9FA81F2122453C18006E47B7 /* ShareCountTests.swift in Sources */ = {isa = PBXBuildFile; fileRef = 9FA81F2022453C18006E47B7 /* ShareCountTests.swift */; };
		9FA81F2C22453C18006E47B7 /* ShareCountUITests.swift in Sources */ = {isa = PBXBuildFile; fileRef = 9FA81F2B22453C18006E47B7 /* ShareCountUITests.swift */; };
		9FA81F3B22454E32006E47B7 /* TripsTableViewController.swift in Sources */ = {isa = PBXBuildFile; fileRef = 9FA81F3A22454E32006E47B7 /* TripsTableViewController.swift */; };
		9FA81F3E224552E1006E47B7 /* TripsTableViewCell.swift in Sources */ = {isa = PBXBuildFile; fileRef = 9FA81F3D224552E1006E47B7 /* TripsTableViewCell.swift */; };
/* End PBXBuildFile section */

/* Begin PBXContainerItemProxy section */
		9FA81F1D22453C18006E47B7 /* PBXContainerItemProxy */ = {
			isa = PBXContainerItemProxy;
			containerPortal = 9FA81EFD22453C02006E47B7 /* Project object */;
			proxyType = 1;
			remoteGlobalIDString = 9FA81F0422453C02006E47B7;
			remoteInfo = ShareCount;
		};
		9FA81F2822453C18006E47B7 /* PBXContainerItemProxy */ = {
			isa = PBXContainerItemProxy;
			containerPortal = 9FA81EFD22453C02006E47B7 /* Project object */;
			proxyType = 1;
			remoteGlobalIDString = 9FA81F0422453C02006E47B7;
			remoteInfo = ShareCount;
		};
/* End PBXContainerItemProxy section */

/* Begin PBXFileReference section */
		9FA81F0522453C02006E47B7 /* ShareCount.app */ = {isa = PBXFileReference; explicitFileType = wrapper.application; includeInIndex = 0; path = ShareCount.app; sourceTree = BUILT_PRODUCTS_DIR; };
		9FA81F0822453C02006E47B7 /* AppDelegate.swift */ = {isa = PBXFileReference; lastKnownFileType = sourcecode.swift; path = AppDelegate.swift; sourceTree = "<group>"; };
		9FA81F0A22453C03006E47B7 /* ViewController.swift */ = {isa = PBXFileReference; lastKnownFileType = sourcecode.swift; path = ViewController.swift; sourceTree = "<group>"; };
		9FA81F0D22453C03006E47B7 /* Base */ = {isa = PBXFileReference; lastKnownFileType = file.storyboard; name = Base; path = Base.lproj/Main.storyboard; sourceTree = "<group>"; };
		9FA81F1022453C03006E47B7 /* ShareCount.xcdatamodel */ = {isa = PBXFileReference; lastKnownFileType = wrapper.xcdatamodel; path = ShareCount.xcdatamodel; sourceTree = "<group>"; };
		9FA81F1222453C17006E47B7 /* Assets.xcassets */ = {isa = PBXFileReference; lastKnownFileType = folder.assetcatalog; path = Assets.xcassets; sourceTree = "<group>"; };
		9FA81F1522453C18006E47B7 /* Base */ = {isa = PBXFileReference; lastKnownFileType = file.storyboard; name = Base; path = Base.lproj/LaunchScreen.storyboard; sourceTree = "<group>"; };
		9FA81F1722453C18006E47B7 /* Info.plist */ = {isa = PBXFileReference; lastKnownFileType = text.plist.xml; path = Info.plist; sourceTree = "<group>"; };
		9FA81F1C22453C18006E47B7 /* ShareCountTests.xctest */ = {isa = PBXFileReference; explicitFileType = wrapper.cfbundle; includeInIndex = 0; path = ShareCountTests.xctest; sourceTree = BUILT_PRODUCTS_DIR; };
		9FA81F2022453C18006E47B7 /* ShareCountTests.swift */ = {isa = PBXFileReference; lastKnownFileType = sourcecode.swift; path = ShareCountTests.swift; sourceTree = "<group>"; };
		9FA81F2222453C18006E47B7 /* Info.plist */ = {isa = PBXFileReference; lastKnownFileType = text.plist.xml; path = Info.plist; sourceTree = "<group>"; };
		9FA81F2722453C18006E47B7 /* ShareCountUITests.xctest */ = {isa = PBXFileReference; explicitFileType = wrapper.cfbundle; includeInIndex = 0; path = ShareCountUITests.xctest; sourceTree = BUILT_PRODUCTS_DIR; };
		9FA81F2B22453C18006E47B7 /* ShareCountUITests.swift */ = {isa = PBXFileReference; lastKnownFileType = sourcecode.swift; path = ShareCountUITests.swift; sourceTree = "<group>"; };
		9FA81F2D22453C18006E47B7 /* Info.plist */ = {isa = PBXFileReference; lastKnownFileType = text.plist.xml; path = Info.plist; sourceTree = "<group>"; };
		9FA81F3A22454E32006E47B7 /* TripsTableViewController.swift */ = {isa = PBXFileReference; lastKnownFileType = sourcecode.swift; path = TripsTableViewController.swift; sourceTree = "<group>"; };
		9FA81F3D224552E1006E47B7 /* TripsTableViewCell.swift */ = {isa = PBXFileReference; lastKnownFileType = sourcecode.swift; path = TripsTableViewCell.swift; sourceTree = "<group>"; };
/* End PBXFileReference section */

/* Begin PBXFrameworksBuildPhase section */
		9FA81F0222453C02006E47B7 /* Frameworks */ = {
			isa = PBXFrameworksBuildPhase;
			buildActionMask = 2147483647;
			files = (
			);
			runOnlyForDeploymentPostprocessing = 0;
		};
		9FA81F1922453C18006E47B7 /* Frameworks */ = {
			isa = PBXFrameworksBuildPhase;
			buildActionMask = 2147483647;
			files = (
			);
			runOnlyForDeploymentPostprocessing = 0;
		};
		9FA81F2422453C18006E47B7 /* Frameworks */ = {
			isa = PBXFrameworksBuildPhase;
			buildActionMask = 2147483647;
			files = (
			);
			runOnlyForDeploymentPostprocessing = 0;
		};
/* End PBXFrameworksBuildPhase section */

/* Begin PBXGroup section */
		9FA81EFC22453C02006E47B7 = {
			isa = PBXGroup;
			children = (
				9FA81F0722453C02006E47B7 /* ShareCount */,
				9FA81F1F22453C18006E47B7 /* ShareCountTests */,
				9FA81F2A22453C18006E47B7 /* ShareCountUITests */,
				9FA81F0622453C02006E47B7 /* Products */,
			);
			sourceTree = "<group>";
		};
		9FA81F0622453C02006E47B7 /* Products */ = {
			isa = PBXGroup;
			children = (
				9FA81F0522453C02006E47B7 /* ShareCount.app */,
				9FA81F1C22453C18006E47B7 /* ShareCountTests.xctest */,
				9FA81F2722453C18006E47B7 /* ShareCountUITests.xctest */,
			);
			name = Products;
			sourceTree = "<group>";
		};
		9FA81F0722453C02006E47B7 /* ShareCount */ = {
			isa = PBXGroup;
			children = (
				9FA81F3C224552B5006E47B7 /* Views */,
				9FA81F392245477C006E47B7 /* Controller */,
				9FA81F0822453C02006E47B7 /* AppDelegate.swift */,
				9FA81F0C22453C03006E47B7 /* Main.storyboard */,
				9FA81F1222453C17006E47B7 /* Assets.xcassets */,
				9FA81F1422453C18006E47B7 /* LaunchScreen.storyboard */,
				9FA81F1722453C18006E47B7 /* Info.plist */,
				9FA81F0F22453C03006E47B7 /* ShareCount.xcdatamodeld */,
			);
			path = ShareCount;
			sourceTree = "<group>";
		};
		9FA81F1F22453C18006E47B7 /* ShareCountTests */ = {
			isa = PBXGroup;
			children = (
				9FA81F2022453C18006E47B7 /* ShareCountTests.swift */,
				9FA81F2222453C18006E47B7 /* Info.plist */,
			);
			path = ShareCountTests;
			sourceTree = "<group>";
		};
		9FA81F2A22453C18006E47B7 /* ShareCountUITests */ = {
			isa = PBXGroup;
			children = (
				9FA81F2B22453C18006E47B7 /* ShareCountUITests.swift */,
				9FA81F2D22453C18006E47B7 /* Info.plist */,
			);
			path = ShareCountUITests;
			sourceTree = "<group>";
		};
		9FA81F392245477C006E47B7 /* Controller */ = {
			isa = PBXGroup;
			children = (
				9FA81F0A22453C03006E47B7 /* ViewController.swift */,
				9FA81F3A22454E32006E47B7 /* TripsTableViewController.swift */,
			);
			path = Controller;
			sourceTree = "<group>";
		};
		9FA81F3C224552B5006E47B7 /* Views */ = {
			isa = PBXGroup;
			children = (
				9FA81F3D224552E1006E47B7 /* TripsTableViewCell.swift */,
			);
			path = Views;
			sourceTree = "<group>";
		};
/* End PBXGroup section */

/* Begin PBXNativeTarget section */
		9FA81F0422453C02006E47B7 /* ShareCount */ = {
			isa = PBXNativeTarget;
			buildConfigurationList = 9FA81F3022453C18006E47B7 /* Build configuration list for PBXNativeTarget "ShareCount" */;
			buildPhases = (
				9FA81F0122453C02006E47B7 /* Sources */,
				9FA81F0222453C02006E47B7 /* Frameworks */,
				9FA81F0322453C02006E47B7 /* Resources */,
			);
			buildRules = (
			);
			dependencies = (
			);
			name = ShareCount;
			productName = ShareCount;
			productReference = 9FA81F0522453C02006E47B7 /* ShareCount.app */;
			productType = "com.apple.product-type.application";
		};
		9FA81F1B22453C18006E47B7 /* ShareCountTests */ = {
			isa = PBXNativeTarget;
			buildConfigurationList = 9FA81F3322453C18006E47B7 /* Build configuration list for PBXNativeTarget "ShareCountTests" */;
			buildPhases = (
				9FA81F1822453C18006E47B7 /* Sources */,
				9FA81F1922453C18006E47B7 /* Frameworks */,
				9FA81F1A22453C18006E47B7 /* Resources */,
			);
			buildRules = (
			);
			dependencies = (
				9FA81F1E22453C18006E47B7 /* PBXTargetDependency */,
			);
			name = ShareCountTests;
			productName = ShareCountTests;
			productReference = 9FA81F1C22453C18006E47B7 /* ShareCountTests.xctest */;
			productType = "com.apple.product-type.bundle.unit-test";
		};
		9FA81F2622453C18006E47B7 /* ShareCountUITests */ = {
			isa = PBXNativeTarget;
			buildConfigurationList = 9FA81F3622453C18006E47B7 /* Build configuration list for PBXNativeTarget "ShareCountUITests" */;
			buildPhases = (
				9FA81F2322453C18006E47B7 /* Sources */,
				9FA81F2422453C18006E47B7 /* Frameworks */,
				9FA81F2522453C18006E47B7 /* Resources */,
			);
			buildRules = (
			);
			dependencies = (
				9FA81F2922453C18006E47B7 /* PBXTargetDependency */,
			);
			name = ShareCountUITests;
			productName = ShareCountUITests;
			productReference = 9FA81F2722453C18006E47B7 /* ShareCountUITests.xctest */;
			productType = "com.apple.product-type.bundle.ui-testing";
		};
/* End PBXNativeTarget section */

/* Begin PBXProject section */
		9FA81EFD22453C02006E47B7 /* Project object */ = {
			isa = PBXProject;
			attributes = {
				LastSwiftUpdateCheck = 1010;
				LastUpgradeCheck = 1010;
				ORGANIZATIONNAME = "Simon GAYET Quentin FRANCE";
				TargetAttributes = {
					9FA81F0422453C02006E47B7 = {
						CreatedOnToolsVersion = 10.1;
					};
					9FA81F1B22453C18006E47B7 = {
						CreatedOnToolsVersion = 10.1;
						TestTargetID = 9FA81F0422453C02006E47B7;
					};
					9FA81F2622453C18006E47B7 = {
						CreatedOnToolsVersion = 10.1;
						TestTargetID = 9FA81F0422453C02006E47B7;
					};
				};
			};
			buildConfigurationList = 9FA81F0022453C02006E47B7 /* Build configuration list for PBXProject "ShareCount" */;
			compatibilityVersion = "Xcode 9.3";
			developmentRegion = en;
			hasScannedForEncodings = 0;
			knownRegions = (
				en,
				Base,
			);
			mainGroup = 9FA81EFC22453C02006E47B7;
			productRefGroup = 9FA81F0622453C02006E47B7 /* Products */;
			projectDirPath = "";
			projectRoot = "";
			targets = (
				9FA81F0422453C02006E47B7 /* ShareCount */,
				9FA81F1B22453C18006E47B7 /* ShareCountTests */,
				9FA81F2622453C18006E47B7 /* ShareCountUITests */,
			);
		};
/* End PBXProject section */

/* Begin PBXResourcesBuildPhase section */
		9FA81F0322453C02006E47B7 /* Resources */ = {
			isa = PBXResourcesBuildPhase;
			buildActionMask = 2147483647;
			files = (
				9FA81F1622453C18006E47B7 /* LaunchScreen.storyboard in Resources */,
				9FA81F1322453C17006E47B7 /* Assets.xcassets in Resources */,
				9FA81F0E22453C03006E47B7 /* Main.storyboard in Resources */,
			);
			runOnlyForDeploymentPostprocessing = 0;
		};
		9FA81F1A22453C18006E47B7 /* Resources */ = {
			isa = PBXResourcesBuildPhase;
			buildActionMask = 2147483647;
			files = (
			);
			runOnlyForDeploymentPostprocessing = 0;
		};
		9FA81F2522453C18006E47B7 /* Resources */ = {
			isa = PBXResourcesBuildPhase;
			buildActionMask = 2147483647;
			files = (
			);
			runOnlyForDeploymentPostprocessing = 0;
		};
/* End PBXResourcesBuildPhase section */

/* Begin PBXSourcesBuildPhase section */
		9FA81F0122453C02006E47B7 /* Sources */ = {
			isa = PBXSourcesBuildPhase;
			buildActionMask = 2147483647;
			files = (
				9FA81F0B22453C03006E47B7 /* ViewController.swift in Sources */,
				9FA81F1122453C03006E47B7 /* ShareCount.xcdatamodeld in Sources */,
				9FA81F3B22454E32006E47B7 /* TripsTableViewController.swift in Sources */,
				9FA81F0922453C02006E47B7 /* AppDelegate.swift in Sources */,
				9FA81F3E224552E1006E47B7 /* TripsTableViewCell.swift in Sources */,
			);
			runOnlyForDeploymentPostprocessing = 0;
		};
		9FA81F1822453C18006E47B7 /* Sources */ = {
			isa = PBXSourcesBuildPhase;
			buildActionMask = 2147483647;
			files = (
				9FA81F2122453C18006E47B7 /* ShareCountTests.swift in Sources */,
			);
			runOnlyForDeploymentPostprocessing = 0;
		};
		9FA81F2322453C18006E47B7 /* Sources */ = {
			isa = PBXSourcesBuildPhase;
			buildActionMask = 2147483647;
			files = (
				9FA81F2C22453C18006E47B7 /* ShareCountUITests.swift in Sources */,
			);
			runOnlyForDeploymentPostprocessing = 0;
		};
/* End PBXSourcesBuildPhase section */

/* Begin PBXTargetDependency section */
		9FA81F1E22453C18006E47B7 /* PBXTargetDependency */ = {
			isa = PBXTargetDependency;
			target = 9FA81F0422453C02006E47B7 /* ShareCount */;
			targetProxy = 9FA81F1D22453C18006E47B7 /* PBXContainerItemProxy */;
		};
		9FA81F2922453C18006E47B7 /* PBXTargetDependency */ = {
			isa = PBXTargetDependency;
			target = 9FA81F0422453C02006E47B7 /* ShareCount */;
			targetProxy = 9FA81F2822453C18006E47B7 /* PBXContainerItemProxy */;
		};
/* End PBXTargetDependency section */

/* Begin PBXVariantGroup section */
		9FA81F0C22453C03006E47B7 /* Main.storyboard */ = {
			isa = PBXVariantGroup;
			children = (
				9FA81F0D22453C03006E47B7 /* Base */,
			);
			name = Main.storyboard;
			sourceTree = "<group>";
		};
		9FA81F1422453C18006E47B7 /* LaunchScreen.storyboard */ = {
			isa = PBXVariantGroup;
			children = (
				9FA81F1522453C18006E47B7 /* Base */,
			);
			name = LaunchScreen.storyboard;
			sourceTree = "<group>";
		};
/* End PBXVariantGroup section */

/* Begin XCBuildConfiguration section */
		9FA81F2E22453C18006E47B7 /* Debug */ = {
			isa = XCBuildConfiguration;
			buildSettings = {
				ALWAYS_SEARCH_USER_PATHS = NO;
				CLANG_ANALYZER_NONNULL = YES;
				CLANG_ANALYZER_NUMBER_OBJECT_CONVERSION = YES_AGGRESSIVE;
				CLANG_CXX_LANGUAGE_STANDARD = "gnu++14";
				CLANG_CXX_LIBRARY = "libc++";
				CLANG_ENABLE_MODULES = YES;
				CLANG_ENABLE_OBJC_ARC = YES;
				CLANG_ENABLE_OBJC_WEAK = YES;
				CLANG_WARN_BLOCK_CAPTURE_AUTORELEASING = YES;
				CLANG_WARN_BOOL_CONVERSION = YES;
				CLANG_WARN_COMMA = YES;
				CLANG_WARN_CONSTANT_CONVERSION = YES;
				CLANG_WARN_DEPRECATED_OBJC_IMPLEMENTATIONS = YES;
				CLANG_WARN_DIRECT_OBJC_ISA_USAGE = YES_ERROR;
				CLANG_WARN_DOCUMENTATION_COMMENTS = YES;
				CLANG_WARN_EMPTY_BODY = YES;
				CLANG_WARN_ENUM_CONVERSION = YES;
				CLANG_WARN_INFINITE_RECURSION = YES;
				CLANG_WARN_INT_CONVERSION = YES;
				CLANG_WARN_NON_LITERAL_NULL_CONVERSION = YES;
				CLANG_WARN_OBJC_IMPLICIT_RETAIN_SELF = YES;
				CLANG_WARN_OBJC_LITERAL_CONVERSION = YES;
				CLANG_WARN_OBJC_ROOT_CLASS = YES_ERROR;
				CLANG_WARN_RANGE_LOOP_ANALYSIS = YES;
				CLANG_WARN_STRICT_PROTOTYPES = YES;
				CLANG_WARN_SUSPICIOUS_MOVE = YES;
				CLANG_WARN_UNGUARDED_AVAILABILITY = YES_AGGRESSIVE;
				CLANG_WARN_UNREACHABLE_CODE = YES;
				CLANG_WARN__DUPLICATE_METHOD_MATCH = YES;
				CODE_SIGN_IDENTITY = "iPhone Developer";
				COPY_PHASE_STRIP = NO;
				DEBUG_INFORMATION_FORMAT = dwarf;
				ENABLE_STRICT_OBJC_MSGSEND = YES;
				ENABLE_TESTABILITY = YES;
				GCC_C_LANGUAGE_STANDARD = gnu11;
				GCC_DYNAMIC_NO_PIC = NO;
				GCC_NO_COMMON_BLOCKS = YES;
				GCC_OPTIMIZATION_LEVEL = 0;
				GCC_PREPROCESSOR_DEFINITIONS = (
					"DEBUG=1",
					"$(inherited)",
				);
				GCC_WARN_64_TO_32_BIT_CONVERSION = YES;
				GCC_WARN_ABOUT_RETURN_TYPE = YES_ERROR;
				GCC_WARN_UNDECLARED_SELECTOR = YES;
				GCC_WARN_UNINITIALIZED_AUTOS = YES_AGGRESSIVE;
				GCC_WARN_UNUSED_FUNCTION = YES;
				GCC_WARN_UNUSED_VARIABLE = YES;
				IPHONEOS_DEPLOYMENT_TARGET = 12.1;
				MTL_ENABLE_DEBUG_INFO = INCLUDE_SOURCE;
				MTL_FAST_MATH = YES;
				ONLY_ACTIVE_ARCH = YES;
				SDKROOT = iphoneos;
				SWIFT_ACTIVE_COMPILATION_CONDITIONS = DEBUG;
				SWIFT_OPTIMIZATION_LEVEL = "-Onone";
			};
			name = Debug;
		};
		9FA81F2F22453C18006E47B7 /* Release */ = {
			isa = XCBuildConfiguration;
			buildSettings = {
				ALWAYS_SEARCH_USER_PATHS = NO;
				CLANG_ANALYZER_NONNULL = YES;
				CLANG_ANALYZER_NUMBER_OBJECT_CONVERSION = YES_AGGRESSIVE;
				CLANG_CXX_LANGUAGE_STANDARD = "gnu++14";
				CLANG_CXX_LIBRARY = "libc++";
				CLANG_ENABLE_MODULES = YES;
				CLANG_ENABLE_OBJC_ARC = YES;
				CLANG_ENABLE_OBJC_WEAK = YES;
				CLANG_WARN_BLOCK_CAPTURE_AUTORELEASING = YES;
				CLANG_WARN_BOOL_CONVERSION = YES;
				CLANG_WARN_COMMA = YES;
				CLANG_WARN_CONSTANT_CONVERSION = YES;
				CLANG_WARN_DEPRECATED_OBJC_IMPLEMENTATIONS = YES;
				CLANG_WARN_DIRECT_OBJC_ISA_USAGE = YES_ERROR;
				CLANG_WARN_DOCUMENTATION_COMMENTS = YES;
				CLANG_WARN_EMPTY_BODY = YES;
				CLANG_WARN_ENUM_CONVERSION = YES;
				CLANG_WARN_INFINITE_RECURSION = YES;
				CLANG_WARN_INT_CONVERSION = YES;
				CLANG_WARN_NON_LITERAL_NULL_CONVERSION = YES;
				CLANG_WARN_OBJC_IMPLICIT_RETAIN_SELF = YES;
				CLANG_WARN_OBJC_LITERAL_CONVERSION = YES;
				CLANG_WARN_OBJC_ROOT_CLASS = YES_ERROR;
				CLANG_WARN_RANGE_LOOP_ANALYSIS = YES;
				CLANG_WARN_STRICT_PROTOTYPES = YES;
				CLANG_WARN_SUSPICIOUS_MOVE = YES;
				CLANG_WARN_UNGUARDED_AVAILABILITY = YES_AGGRESSIVE;
				CLANG_WARN_UNREACHABLE_CODE = YES;
				CLANG_WARN__DUPLICATE_METHOD_MATCH = YES;
				CODE_SIGN_IDENTITY = "iPhone Developer";
				COPY_PHASE_STRIP = NO;
				DEBUG_INFORMATION_FORMAT = "dwarf-with-dsym";
				ENABLE_NS_ASSERTIONS = NO;
				ENABLE_STRICT_OBJC_MSGSEND = YES;
				GCC_C_LANGUAGE_STANDARD = gnu11;
				GCC_NO_COMMON_BLOCKS = YES;
				GCC_WARN_64_TO_32_BIT_CONVERSION = YES;
				GCC_WARN_ABOUT_RETURN_TYPE = YES_ERROR;
				GCC_WARN_UNDECLARED_SELECTOR = YES;
				GCC_WARN_UNINITIALIZED_AUTOS = YES_AGGRESSIVE;
				GCC_WARN_UNUSED_FUNCTION = YES;
				GCC_WARN_UNUSED_VARIABLE = YES;
				IPHONEOS_DEPLOYMENT_TARGET = 12.1;
				MTL_ENABLE_DEBUG_INFO = NO;
				MTL_FAST_MATH = YES;
				SDKROOT = iphoneos;
				SWIFT_COMPILATION_MODE = wholemodule;
				SWIFT_OPTIMIZATION_LEVEL = "-O";
				VALIDATE_PRODUCT = YES;
			};
			name = Release;
		};
		9FA81F3122453C18006E47B7 /* Debug */ = {
			isa = XCBuildConfiguration;
			buildSettings = {
				ASSETCATALOG_COMPILER_APPICON_NAME = AppIcon;
				CODE_SIGN_STYLE = Automatic;
				INFOPLIST_FILE = ShareCount/Info.plist;
				LD_RUNPATH_SEARCH_PATHS = (
					"$(inherited)",
					"@executable_path/Frameworks",
				);
				PRODUCT_BUNDLE_IDENTIFIER = SG.ShareCount;
				PRODUCT_NAME = "$(TARGET_NAME)";
				SWIFT_VERSION = 4.2;
				TARGETED_DEVICE_FAMILY = "1,2";
			};
			name = Debug;
		};
		9FA81F3222453C18006E47B7 /* Release */ = {
			isa = XCBuildConfiguration;
			buildSettings = {
				ASSETCATALOG_COMPILER_APPICON_NAME = AppIcon;
				CODE_SIGN_STYLE = Automatic;
				INFOPLIST_FILE = ShareCount/Info.plist;
				LD_RUNPATH_SEARCH_PATHS = (
					"$(inherited)",
					"@executable_path/Frameworks",
				);
				PRODUCT_BUNDLE_IDENTIFIER = SG.ShareCount;
				PRODUCT_NAME = "$(TARGET_NAME)";
				SWIFT_VERSION = 4.2;
				TARGETED_DEVICE_FAMILY = "1,2";
			};
			name = Release;
		};
		9FA81F3422453C18006E47B7 /* Debug */ = {
			isa = XCBuildConfiguration;
			buildSettings = {
				ALWAYS_EMBED_SWIFT_STANDARD_LIBRARIES = YES;
				BUNDLE_LOADER = "$(TEST_HOST)";
				CODE_SIGN_STYLE = Automatic;
				INFOPLIST_FILE = ShareCountTests/Info.plist;
				LD_RUNPATH_SEARCH_PATHS = (
					"$(inherited)",
					"@executable_path/Frameworks",
					"@loader_path/Frameworks",
				);
				PRODUCT_BUNDLE_IDENTIFIER = SG.ShareCountTests;
				PRODUCT_NAME = "$(TARGET_NAME)";
				SWIFT_VERSION = 4.2;
				TARGETED_DEVICE_FAMILY = "1,2";
				TEST_HOST = "$(BUILT_PRODUCTS_DIR)/ShareCount.app/ShareCount";
			};
			name = Debug;
		};
		9FA81F3522453C18006E47B7 /* Release */ = {
			isa = XCBuildConfiguration;
			buildSettings = {
				ALWAYS_EMBED_SWIFT_STANDARD_LIBRARIES = YES;
				BUNDLE_LOADER = "$(TEST_HOST)";
				CODE_SIGN_STYLE = Automatic;
				INFOPLIST_FILE = ShareCountTests/Info.plist;
				LD_RUNPATH_SEARCH_PATHS = (
					"$(inherited)",
					"@executable_path/Frameworks",
					"@loader_path/Frameworks",
				);
				PRODUCT_BUNDLE_IDENTIFIER = SG.ShareCountTests;
				PRODUCT_NAME = "$(TARGET_NAME)";
				SWIFT_VERSION = 4.2;
				TARGETED_DEVICE_FAMILY = "1,2";
				TEST_HOST = "$(BUILT_PRODUCTS_DIR)/ShareCount.app/ShareCount";
			};
			name = Release;
		};
		9FA81F3722453C18006E47B7 /* Debug */ = {
			isa = XCBuildConfiguration;
			buildSettings = {
				ALWAYS_EMBED_SWIFT_STANDARD_LIBRARIES = YES;
				CODE_SIGN_STYLE = Automatic;
				INFOPLIST_FILE = ShareCountUITests/Info.plist;
				LD_RUNPATH_SEARCH_PATHS = (
					"$(inherited)",
					"@executable_path/Frameworks",
					"@loader_path/Frameworks",
				);
				PRODUCT_BUNDLE_IDENTIFIER = SG.ShareCountUITests;
				PRODUCT_NAME = "$(TARGET_NAME)";
				SWIFT_VERSION = 4.2;
				TARGETED_DEVICE_FAMILY = "1,2";
				TEST_TARGET_NAME = ShareCount;
			};
			name = Debug;
		};
		9FA81F3822453C18006E47B7 /* Release */ = {
			isa = XCBuildConfiguration;
			buildSettings = {
				ALWAYS_EMBED_SWIFT_STANDARD_LIBRARIES = YES;
				CODE_SIGN_STYLE = Automatic;
				INFOPLIST_FILE = ShareCountUITests/Info.plist;
				LD_RUNPATH_SEARCH_PATHS = (
					"$(inherited)",
					"@executable_path/Frameworks",
					"@loader_path/Frameworks",
				);
				PRODUCT_BUNDLE_IDENTIFIER = SG.ShareCountUITests;
				PRODUCT_NAME = "$(TARGET_NAME)";
				SWIFT_VERSION = 4.2;
				TARGETED_DEVICE_FAMILY = "1,2";
				TEST_TARGET_NAME = ShareCount;
			};
			name = Release;
		};
/* End XCBuildConfiguration section */

/* Begin XCConfigurationList section */
		9FA81F0022453C02006E47B7 /* Build configuration list for PBXProject "ShareCount" */ = {
			isa = XCConfigurationList;
			buildConfigurations = (
				9FA81F2E22453C18006E47B7 /* Debug */,
				9FA81F2F22453C18006E47B7 /* Release */,
			);
			defaultConfigurationIsVisible = 0;
			defaultConfigurationName = Release;
		};
		9FA81F3022453C18006E47B7 /* Build configuration list for PBXNativeTarget "ShareCount" */ = {
			isa = XCConfigurationList;
			buildConfigurations = (
				9FA81F3122453C18006E47B7 /* Debug */,
				9FA81F3222453C18006E47B7 /* Release */,
			);
			defaultConfigurationIsVisible = 0;
			defaultConfigurationName = Release;
		};
		9FA81F3322453C18006E47B7 /* Build configuration list for PBXNativeTarget "ShareCountTests" */ = {
			isa = XCConfigurationList;
			buildConfigurations = (
				9FA81F3422453C18006E47B7 /* Debug */,
				9FA81F3522453C18006E47B7 /* Release */,
			);
			defaultConfigurationIsVisible = 0;
			defaultConfigurationName = Release;
		};
		9FA81F3622453C18006E47B7 /* Build configuration list for PBXNativeTarget "ShareCountUITests" */ = {
			isa = XCConfigurationList;
			buildConfigurations = (
				9FA81F3722453C18006E47B7 /* Debug */,
				9FA81F3822453C18006E47B7 /* Release */,
			);
			defaultConfigurationIsVisible = 0;
			defaultConfigurationName = Release;
		};
/* End XCConfigurationList section */

/* Begin XCVersionGroup section */
		9FA81F0F22453C03006E47B7 /* ShareCount.xcdatamodeld */ = {
			isa = XCVersionGroup;
			children = (
				9FA81F1022453C03006E47B7 /* ShareCount.xcdatamodel */,
			);
			currentVersion = 9FA81F1022453C03006E47B7 /* ShareCount.xcdatamodel */;
			path = ShareCount.xcdatamodeld;
			sourceTree = "<group>";
			versionGroupType = wrapper.xcdatamodel;
		};
/* End XCVersionGroup section */
	};
	rootObject = 9FA81EFD22453C02006E47B7 /* Project object */;
}
